
Microsoft Visual Studio Solution File, Format Version 12.00
# Visual Studio Version 17
VisualStudioVersion = 17.8.34330.188
MinimumVisualStudioVersion = 10.0.40219.1
Project("{9A19103F-16F7-4668-BE54-9A1E7A4F7556}") = "API", "SE161734_NguyenThanhLong_Assignment1\API.csproj", "{7710C416-2DCA-4991-8121-99C44E0B4722}"
EndProject
Project("{FAE04EC0-301F-11D3-BF4B-00C04F79EFBC}") = "BusinessObject", "BusinessObject\BusinessObject.csproj", "{8350197F-0AA7-488E-BFAF-245A8486B49B}"
EndProject
Project("{FAE04EC0-301F-11D3-BF4B-00C04F79EFBC}") = "DAO", "DAO\DAO.csproj", "{FF549424-D107-45CB-86A1-C929F8AEC643}"
EndProject
Project("{FAE04EC0-301F-11D3-BF4B-00C04F79EFBC}") = "Repository", "Repository\Repository.csproj", "{47637E17-7C49-40B5-9E1E-AC1A422971DB}"
EndProject
Project("{FAE04EC0-301F-11D3-BF4B-00C04F79EFBC}") = "Service", "Service\Service.csproj", "{846D9DD6-3146-4069-9D8B-F79AC0997CEB}"
EndProject
Global
	GlobalSection(SolutionConfigurationPlatforms) = preSolution
		Debug|Any CPU = Debug|Any CPU
		Release|Any CPU = Release|Any CPU
	EndGlobalSection
	GlobalSection(ProjectConfigurationPlatforms) = postSolution
		{7710C416-2DCA-4991-8121-99C44E0B4722}.Debug|Any CPU.ActiveCfg = Debug|Any CPU
		{7710C416-2DCA-4991-8121-99C44E0B4722}.Debug|Any CPU.Build.0 = Debug|Any CPU
		{7710C416-2DCA-4991-8121-99C44E0B4722}.Release|Any CPU.ActiveCfg = Release|Any CPU
		{7710C416-2DCA-4991-8121-99C44E0B4722}.Release|Any CPU.Build.0 = Release|Any CPU
		{8350197F-0AA7-488E-BFAF-245A8486B49B}.Debug|Any CPU.ActiveCfg = Debug|Any CPU
		{8350197F-0AA7-488E-BFAF-245A8486B49B}.Debug|Any CPU.Build.0 = Debug|Any CPU
		{8350197F-0AA7-488E-BFAF-245A8486B49B}.Release|Any CPU.ActiveCfg = Release|Any CPU
		{8350197F-0AA7-488E-BFAF-245A8486B49B}.Release|Any CPU.Build.0 = Release|Any CPU
		{FF549424-D107-45CB-86A1-C929F8AEC643}.Debug|Any CPU.ActiveCfg = Debug|Any CPU
		{FF549424-D107-45CB-86A1-C929F8AEC643}.Debug|Any CPU.Build.0 = Debug|Any CPU
		{FF549424-D107-45CB-86A1-C929F8AEC643}.Release|Any CPU.ActiveCfg = Release|Any CPU
		{FF549424-D107-45CB-86A1-C929F8AEC643}.Release|Any CPU.Build.0 = Release|Any CPU
		{47637E17-7C49-40B5-9E1E-AC1A422971DB}.Debug|Any CPU.ActiveCfg = Debug|Any CPU
		{47637E17-7C49-40B5-9E1E-AC1A422971DB}.Debug|Any CPU.Build.0 = Debug|Any CPU
		{47637E17-7C49-40B5-9E1E-AC1A422971DB}.Release|Any CPU.ActiveCfg = Release|Any CPU
		{47637E17-7C49-40B5-9E1E-AC1A422971DB}.Release|Any CPU.Build.0 = Release|Any CPU
		{846D9DD6-3146-4069-9D8B-F79AC0997CEB}.Debug|Any CPU.ActiveCfg = Debug|Any CPU
		{846D9DD6-3146-4069-9D8B-F79AC0997CEB}.Debug|Any CPU.Build.0 = Debug|Any CPU
		{846D9DD6-3146-4069-9D8B-F79AC0997CEB}.Release|Any CPU.ActiveCfg = Release|Any CPU
		{846D9DD6-3146-4069-9D8B-F79AC0997CEB}.Release|Any CPU.Build.0 = Release|Any CPU
	EndGlobalSection
	GlobalSection(SolutionProperties) = preSolution
		HideSolutionNode = FALSE
	EndGlobalSection
	GlobalSection(ExtensibilityGlobals) = postSolution
		SolutionGuid = {4146B830-8E78-4145-9785-DE3CA2D6E4DF}
	EndGlobalSection
EndGlobal
